Microsoft Visual Studio Solution File, Format Version 12.00
# Visual Studio Version 17
VisualStudioVersion = 17.5.2.0
MinimumVisualStudioVersion = 10.0.40219.1
Project("{FAE04EC0-301F-11D3-BF4B-00C04F79EFBC}") = "JUEGO-DE-MEMORIA", "JUEGO-DE-MEMORIA.csproj", "{4489C17D-426D-65F4-F7A9-329A93C7067D}"
EndProject
Global
	GlobalSection(SolutionConfigurationPlatforms) = preSolution
		Debug|Any CPU = Debug|Any CPU
		Release|Any CPU = Release|Any CPU
	EndGlobalSection
	GlobalSection(ProjectConfigurationPlatforms) = postSolution
		{4489C17D-426D-65F4-F7A9-329A93C7067D}.Debug|Any CPU.ActiveCfg = Debug|Any CPU
		{4489C17D-426D-65F4-F7A9-329A93C7067D}.Debug|Any CPU.Build.0 = Debug|Any CPU
		{4489C17D-426D-65F4-F7A9-329A93C7067D}.Release|Any CPU.ActiveCfg = Release|Any CPU
		{4489C17D-426D-65F4-F7A9-329A93C7067D}.Release|Any CPU.Build.0 = Release|Any CPU
	EndGlobalSection
	GlobalSection(SolutionProperties) = preSolution
		HideSolutionNode = FALSE
	EndGlobalSection
	GlobalSection(ExtensibilityGlobals) = postSolution
		SolutionGuid = {C7E79107-6D1B-43FD-BFA8-85F8C6AC30A8}
	EndGlobalSection
EndGlobal
